Microsoft Visual Studio Solution File, Format Version 12.00
# Visual Studio 2017
Project("{2150E333-8FDC-42A3-9474-1A3956D46DE8}") = "(crash_generation)", "..\..\..\..\crash_generation", "{71054F76-E083-ED71-B3F9-3E9B872F3E9E}"
EndProject
Project("{2150E333-8FDC-42A3-9474-1A3956D46DE8}") = "(handler)", "..\..\..\..\handler", "{07BF0989-2B77-D3C5-75FC-813F97B41E10}"
EndProject
Project("{2150E333-8FDC-42A3-9474-1A3956D46DE8}") = "(sender)", "..\..\..\..\sender", "{8981176E-4A0F-CADE-30A3-5E3F3F1CDE3A}"
EndProject
Project("{2150E333-8FDC-42A3-9474-1A3956D46DE8}") = "(tests)", "..\..\..\..\tests", "{47EF6A04-BAE2-1AFF-696A-133DA2D057FB}"
EndProject
Project("{2150E333-8FDC-42A3-9474-1A3956D46DE8}") = "(unittests)", "..\..\..\..\unittests", "{68226F18-FA06-3EDF-C4A9-C8979D6B14D5}"
EndProject
Project("{8BC9CEB8-8B4A-11D0-8D11-00A0C91BC942}") = "build_all", "build_all.vcxproj", "{F32D6B55-858F-880B-5D6D-471F8F84745B}"
	ProjectSection(ProjectDependencies) = postProject
		{6DFBA081-B958-E532-D92B-4CAF5EA3CEFF} = {6DFBA081-B958-E532-D92B-4CAF5EA3CEFF}
		{A190507E-A70D-6D57-66E0-9B3A641E81F9} = {A190507E-A70D-6D57-66E0-9B3A641E81F9}
		{8B4D2D14-7D95-5C3B-9739-222789A4A351} = {8B4D2D14-7D95-5C3B-9739-222789A4A351}
		{F68D768D-FC98-6D50-948B-90760A4EE287} = {F68D768D-FC98-6D50-948B-90760A4EE287}
		{E205AF94-36D1-FEEE-9D12-B6BE49C3B16D} = {E205AF94-36D1-FEEE-9D12-B6BE49C3B16D}
		{6F6AE46C-55FE-9E39-AAD9-7A7BA71665FE} = {6F6AE46C-55FE-9E39-AAD9-7A7BA71665FE}
		{4315288D-DB9D-B8FB-5AB5-92CBF4843519} = {4315288D-DB9D-B8FB-5AB5-92CBF4843519}
		{5B8099D9-F51B-2B3A-F4DB-85E95180EEC8} = {5B8099D9-F51B-2B3A-F4DB-85E95180EEC8}
		{D2B96F4E-9570-D76C-8406-FD56C741C805} = {D2B96F4E-9570-D76C-8406-FD56C741C805}
	EndProjectSection
EndProject
Project("{8BC9CEB8-8B4A-11D0-8D11-00A0C91BC942}") = "client_tests", "unittests\client_tests.vcxproj", "{E205AF94-36D1-FEEE-9D12-B6BE49C3B16D}"
	ProjectSection(ProjectDependencies) = postProject
		{4315288D-DB9D-B8FB-5AB5-92CBF4843519} = {4315288D-DB9D-B8FB-5AB5-92CBF4843519}
		{5B8099D9-F51B-2B3A-F4DB-85E95180EEC8} = {5B8099D9-F51B-2B3A-F4DB-85E95180EEC8}
		{9C89FDCE-8A1A-4D9B-EABD-C6B9BB27D4CE} = {9C89FDCE-8A1A-4D9B-EABD-C6B9BB27D4CE}
		{6DFBA081-B958-E532-D92B-4CAF5EA3CEFF} = {6DFBA081-B958-E532-D92B-4CAF5EA3CEFF}
		{A190507E-A70D-6D57-66E0-9B3A641E81F9} = {A190507E-A70D-6D57-66E0-9B3A641E81F9}
		{8B4D2D14-7D95-5C3B-9739-222789A4A351} = {8B4D2D14-7D95-5C3B-9739-222789A4A351}
		{6F6AE46C-55FE-9E39-AAD9-7A7BA71665FE} = {6F6AE46C-55FE-9E39-AAD9-7A7BA71665FE}
	EndProjectSection
EndProject
Project("{8BC9CEB8-8B4A-11D0-8D11-00A0C91BC942}") = "common", "common.vcxproj", "{9C89FDCE-8A1A-4D9B-EABD-C6B9BB27D4CE}"
EndProject
Project("{8BC9CEB8-8B4A-11D0-8D11-00A0C91BC942}") = "crash_generation_app", "tests\crash_generation_app\crash_generation_app.vcxproj", "{D2B96F4E-9570-D76C-8406-FD56C741C805}"
	ProjectSection(ProjectDependencies) = postProject
		{9C89FDCE-8A1A-4D9B-EABD-C6B9BB27D4CE} = {9C89FDCE-8A1A-4D9B-EABD-C6B9BB27D4CE}
		{6DFBA081-B958-E532-D92B-4CAF5EA3CEFF} = {6DFBA081-B958-E532-D92B-4CAF5EA3CEFF}
		{A190507E-A70D-6D57-66E0-9B3A641E81F9} = {A190507E-A70D-6D57-66E0-9B3A641E81F9}
		{8B4D2D14-7D95-5C3B-9739-222789A4A351} = {8B4D2D14-7D95-5C3B-9739-222789A4A351}
	EndProjectSection
EndProject
Project("{8BC9CEB8-8B4A-11D0-8D11-00A0C91BC942}") = "crash_generation_client", "crash_generation\crash_generation_client.vcxproj", "{A190507E-A70D-6D57-66E0-9B3A641E81F9}"
EndProject
Project("{8BC9CEB8-8B4A-11D0-8D11-00A0C91BC942}") = "crash_generation_server", "crash_generation\crash_generation_server.vcxproj", "{6DFBA081-B958-E532-D92B-4CAF5EA3CEFF}"
EndProject
Project("{8BC9CEB8-8B4A-11D0-8D11-00A0C91BC942}") = "crash_report_sender", "sender\crash_report_sender.vcxproj", "{F68D768D-FC98-6D50-948B-90760A4EE287}"
EndProject
Project("{8BC9CEB8-8B4A-11D0-8D11-00A0C91BC942}") = "exception_handler", "handler\exception_handler.vcxproj", "{8B4D2D14-7D95-5C3B-9739-222789A4A351}"
EndProject
Project("{8BC9CEB8-8B4A-11D0-8D11-00A0C91BC942}") = "gmock", "unittests\gmock.vcxproj", "{5B8099D9-F51B-2B3A-F4DB-85E95180EEC8}"
EndProject
Project("{8BC9CEB8-8B4A-11D0-8D11-00A0C91BC942}") = "gtest", "unittests\gtest.vcxproj", "{4315288D-DB9D-B8FB-5AB5-92CBF4843519}"
EndProject
Project("{8BC9CEB8-8B4A-11D0-8D11-00A0C91BC942}") = "processor_bits", "unittests\processor_bits.vcxproj", "{6F6AE46C-55FE-9E39-AAD9-7A7BA71665FE}"
EndProject
Global
	GlobalSection(SolutionConfigurationPlatforms) = preSolution
		Debug|Win32 = Debug|Win32
		Release|x64 = Release|x64
		Purify|Win32 = Purify|Win32
		Purify|x64 = Purify|x64
		Debug|x64 = Debug|x64
		Release|Win32 = Release|Win32
	EndGlobalSection
	GlobalSection(ProjectConfigurationPlatforms) = postSolution
		{4315288D-DB9D-B8FB-5AB5-92CBF4843519}.Debug|Win32.ActiveCfg = Debug|Win32
		{4315288D-DB9D-B8FB-5AB5-92CBF4843519}.Debug|Win32.Build.0 = Debug|Win32
		{4315288D-DB9D-B8FB-5AB5-92CBF4843519}.Release|x64.ActiveCfg = Release|x64
		{4315288D-DB9D-B8FB-5AB5-92CBF4843519}.Release|x64.Build.0 = Release|x64
		{4315288D-DB9D-B8FB-5AB5-92CBF4843519}.Purify|Win32.ActiveCfg = Purify|Win32
		{4315288D-DB9D-B8FB-5AB5-92CBF4843519}.Purify|Win32.Build.0 = Purify|Win32
		{4315288D-DB9D-B8FB-5AB5-92CBF4843519}.Purify|x64.ActiveCfg = Purify|x64
		{4315288D-DB9D-B8FB-5AB5-92CBF4843519}.Purify|x64.Build.0 = Purify|x64
		{4315288D-DB9D-B8FB-5AB5-92CBF4843519}.Debug|x64.ActiveCfg = Debug|x64
		{4315288D-DB9D-B8FB-5AB5-92CBF4843519}.Debug|x64.Build.0 = Debug|x64
		{4315288D-DB9D-B8FB-5AB5-92CBF4843519}.Release|Win32.ActiveCfg = Release|Win32
		{4315288D-DB9D-B8FB-5AB5-92CBF4843519}.Release|Win32.Build.0 = Release|Win32
		{5B8099D9-F51B-2B3A-F4DB-85E95180EEC8}.Debug|Win32.ActiveCfg = Debug|Win32
		{5B8099D9-F51B-2B3A-F4DB-85E95180EEC8}.Debug|Win32.Build.0 = Debug|Win32
		{5B8099D9-F51B-2B3A-F4DB-85E95180EEC8}.Release|x64.ActiveCfg = Release|x64
		{5B8099D9-F51B-2B3A-F4DB-85E95180EEC8}.Release|x64.Build.0 = Release|x64
		{5B8099D9-F51B-2B3A-F4DB-85E95180EEC8}.Purify|Win32.ActiveCfg = Purify|Win32
		{5B8099D9-F51B-2B3A-F4DB-85E95180EEC8}.Purify|Win32.Build.0 = Purify|Win32
		{5B8099D9-F51B-2B3A-F4DB-85E95180EEC8}.Purify|x64.ActiveCfg = Purify|x64
		{5B8099D9-F51B-2B3A-F4DB-85E95180EEC8}.Purify|x64.Build.0 = Purify|x64
		{5B8099D9-F51B-2B3A-F4DB-85E95180EEC8}.Debug|x64.ActiveCfg = Debug|x64
		{5B8099D9-F51B-2B3A-F4DB-85E95180EEC8}.Debug|x64.Build.0 = Debug|x64
		{5B8099D9-F51B-2B3A-F4DB-85E95180EEC8}.Release|Win32.ActiveCfg = Release|Win32
		{5B8099D9-F51B-2B3A-F4DB-85E95180EEC8}.Release|Win32.Build.0 = Release|Win32
		{6DFBA081-B958-E532-D92B-4CAF5EA3CEFF}.Debug|Win32.ActiveCfg = Debug|Win32
		{6DFBA081-B958-E532-D92B-4CAF5EA3CEFF}.Debug|Win32.Build.0 = Debug|Win32
		{6DFBA081-B958-E532-D92B-4CAF5EA3CEFF}.Release|x64.ActiveCfg = Release|x64
		{6DFBA081-B958-E532-D92B-4CAF5EA3CEFF}.Release|x64.Build.0 = Release|x64
		{6DFBA081-B958-E532-D92B-4CAF5EA3CEFF}.Purify|Win32.ActiveCfg = Purify|Win32
		{6DFBA081-B958-E532-D92B-4CAF5EA3CEFF}.Purify|Win32.Build.0 = Purify|Win32
		{6DFBA081-B958-E532-D92B-4CAF5EA3CEFF}.Purify|x64.ActiveCfg = Purify|x64
		{6DFBA081-B958-E532-D92B-4CAF5EA3CEFF}.Purify|x64.Build.0 = Purify|x64
		{6DFBA081-B958-E532-D92B-4CAF5EA3CEFF}.Debug|x64.ActiveCfg = Debug|x64
		{6DFBA081-B958-E532-D92B-4CAF5EA3CEFF}.Debug|x64.Build.0 = Debug|x64
		{6DFBA081-B958-E532-D92B-4CAF5EA3CEFF}.Release|Win32.ActiveCfg = Release|Win32
		{6DFBA081-B958-E532-D92B-4CAF5EA3CEFF}.Release|Win32.Build.0 = Release|Win32
		{6F6AE46C-55FE-9E39-AAD9-7A7BA71665FE}.Debug|Win32.ActiveCfg = Debug|Win32
		{6F6AE46C-55FE-9E39-AAD9-7A7BA71665FE}.Debug|Win32.Build.0 = Debug|Win32
		{6F6AE46C-55FE-9E39-AAD9-7A7BA71665FE}.Release|x64.ActiveCfg = Release|x64
		{6F6AE46C-55FE-9E39-AAD9-7A7BA71665FE}.Release|x64.Build.0 = Release|x64
		{6F6AE46C-55FE-9E39-AAD9-7A7BA71665FE}.Purify|Win32.ActiveCfg = Purify|Win32
		{6F6AE46C-55FE-9E39-AAD9-7A7BA71665FE}.Purify|Win32.Build.0 = Purify|Win32
		{6F6AE46C-55FE-9E39-AAD9-7A7BA71665FE}.Purify|x64.ActiveCfg = Purify|x64
		{6F6AE46C-55FE-9E39-AAD9-7A7BA71665FE}.Purify|x64.Build.0 = Purify|x64
		{6F6AE46C-55FE-9E39-AAD9-7A7BA71665FE}.Debug|x64.ActiveCfg = Debug|x64
		{6F6AE46C-55FE-9E39-AAD9-7A7BA71665FE}.Debug|x64.Build.0 = Debug|x64
		{6F6AE46C-55FE-9E39-AAD9-7A7BA71665FE}.Release|Win32.ActiveCfg = Release|Win32
		{6F6AE46C-55FE-9E39-AAD9-7A7BA71665FE}.Release|Win32.Build.0 = Release|Win32
		{8B4D2D14-7D95-5C3B-9739-222789A4A351}.Debug|Win32.ActiveCfg = Debug|Win32
		{8B4D2D14-7D95-5C3B-9739-222789A4A351}.Debug|Win32.Build.0 = Debug|Win32
		{8B4D2D14-7D95-5C3B-9739-222789A4A351}.Release|x64.ActiveCfg = Release|x64
		{8B4D2D14-7D95-5C3B-9739-222789A4A351}.Release|x64.Build.0 = Release|x64
		{8B4D2D14-7D95-5C3B-9739-222789A4A351}.Purify|Win32.ActiveCfg = Purify|Win32
		{8B4D2D14-7D95-5C3B-9739-222789A4A351}.Purify|Win32.Build.0 = Purify|Win32
		{8B4D2D14-7D95-5C3B-9739-222789A4A351}.Purify|x64.ActiveCfg = Purify|x64
		{8B4D2D14-7D95-5C3B-9739-222789A4A351}.Purify|x64.Build.0 = Purify|x64
		{8B4D2D14-7D95-5C3B-9739-222789A4A351}.Debug|x64.ActiveCfg = Debug|x64
		{8B4D2D14-7D95-5C3B-9739-222789A4A351}.Debug|x64.Build.0 = Debug|x64
		{8B4D2D14-7D95-5C3B-9739-222789A4A351}.Release|Win32.ActiveCfg = Release|Win32
		{8B4D2D14-7D95-5C3B-9739-222789A4A351}.Release|Win32.Build.0 = Release|Win32
		{9C89FDCE-8A1A-4D9B-EABD-C6B9BB27D4CE}.Debug|Win32.ActiveCfg = Debug|Win32
		{9C89FDCE-8A1A-4D9B-EABD-C6B9BB27D4CE}.Debug|Win32.Build.0 = Debug|Win32
		{9C89FDCE-8A1A-4D9B-EABD-C6B9BB27D4CE}.Release|x64.ActiveCfg = Release|x64
		{9C89FDCE-8A1A-4D9B-EABD-C6B9BB27D4CE}.Release|x64.Build.0 = Release|x64
		{9C89FDCE-8A1A-4D9B-EABD-C6B9BB27D4CE}.Purify|Win32.ActiveCfg = Purify|Win32
		{9C89FDCE-8A1A-4D9B-EABD-C6B9BB27D4CE}.Purify|Win32.Build.0 = Purify|Win32
		{9C89FDCE-8A1A-4D9B-EABD-C6B9BB27D4CE}.Purify|x64.ActiveCfg = Purify|x64
		{9C89FDCE-8A1A-4D9B-EABD-C6B9BB27D4CE}.Purify|x64.Build.0 = Purify|x64
		{9C89FDCE-8A1A-4D9B-EABD-C6B9BB27D4CE}.Debug|x64.ActiveCfg = Debug|x64
		{9C89FDCE-8A1A-4D9B-EABD-C6B9BB27D4CE}.Debug|x64.Build.0 = Debug|x64
		{9C89FDCE-8A1A-4D9B-EABD-C6B9BB27D4CE}.Release|Win32.ActiveCfg = Release|Win32
		{9C89FDCE-8A1A-4D9B-EABD-C6B9BB27D4CE}.Release|Win32.Build.0 = Release|Win32
		{A190507E-A70D-6D57-66E0-9B3A641E81F9}.Debug|Win32.ActiveCfg = Debug|Win32
		{A190507E-A70D-6D57-66E0-9B3A641E81F9}.Debug|Win32.Build.0 = Debug|Win32
		{A190507E-A70D-6D57-66E0-9B3A641E81F9}.Release|x64.ActiveCfg = Release|x64
		{A190507E-A70D-6D57-66E0-9B3A641E81F9}.Release|x64.Build.0 = Release|x64
		{A190507E-A70D-6D57-66E0-9B3A641E81F9}.Purify|Win32.ActiveCfg = Purify|Win32
		{A190507E-A70D-6D57-66E0-9B3A641E81F9}.Purify|Win32.Build.0 = Purify|Win32
		{A190507E-A70D-6D57-66E0-9B3A641E81F9}.Purify|x64.ActiveCfg = Purify|x64
		{A190507E-A70D-6D57-66E0-9B3A641E81F9}.Purify|x64.Build.0 = Purify|x64
		{A190507E-A70D-6D57-66E0-9B3A641E81F9}.Debug|x64.ActiveCfg = Debug|x64
		{A190507E-A70D-6D57-66E0-9B3A641E81F9}.Debug|x64.Build.0 = Debug|x64
		{A190507E-A70D-6D57-66E0-9B3A641E81F9}.Release|Win32.ActiveCfg = Release|Win32
		{A190507E-A70D-6D57-66E0-9B3A641E81F9}.Release|Win32.Build.0 = Release|Win32
		{D2B96F4E-9570-D76C-8406-FD56C741C805}.Debug|Win32.ActiveCfg = Debug|Win32
		{D2B96F4E-9570-D76C-8406-FD56C741C805}.Debug|Win32.Build.0 = Debug|Win32
		{D2B96F4E-9570-D76C-8406-FD56C741C805}.Release|x64.ActiveCfg = Release|x64
		{D2B96F4E-9570-D76C-8406-FD56C741C805}.Release|x64.Build.0 = Release|x64
		{D2B96F4E-9570-D76C-8406-FD56C741C805}.Purify|Win32.ActiveCfg = Purify|Win32
		{D2B96F4E-9570-D76C-8406-FD56C741C805}.Purify|Win32.Build.0 = Purify|Win32
		{D2B96F4E-9570-D76C-8406-FD56C741C805}.Purify|x64.ActiveCfg = Purify|x64
		{D2B96F4E-9570-D76C-8406-FD56C741C805}.Purify|x64.Build.0 = Purify|x64
		{D2B96F4E-9570-D76C-8406-FD56C741C805}.Debug|x64.ActiveCfg = Debug|x64
		{D2B96F4E-9570-D76C-8406-FD56C741C805}.Debug|x64.Build.0 = Debug|x64
		{D2B96F4E-9570-D76C-8406-FD56C741C805}.Release|Win32.ActiveCfg = Release|Win32
		{D2B96F4E-9570-D76C-8406-FD56C741C805}.Release|Win32.Build.0 = Release|Win32
		{E205AF94-36D1-FEEE-9D12-B6BE49C3B16D}.Debug|Win32.ActiveCfg = Debug|Win32
		{E205AF94-36D1-FEEE-9D12-B6BE49C3B16D}.Debug|Win32.Build.0 = Debug|Win32
		{E205AF94-36D1-FEEE-9D12-B6BE49C3B16D}.Release|x64.ActiveCfg = Release|x64
		{E205AF94-36D1-FEEE-9D12-B6BE49C3B16D}.Release|x64.Build.0 = Release|x64
		{E205AF94-36D1-FEEE-9D12-B6BE49C3B16D}.Purify|Win32.ActiveCfg = Purify|Win32
		{E205AF94-36D1-FEEE-9D12-B6BE49C3B16D}.Purify|Win32.Build.0 = Purify|Win32
		{E205AF94-36D1-FEEE-9D12-B6BE49C3B16D}.Purify|x64.ActiveCfg = Purify|x64
		{E205AF94-36D1-FEEE-9D12-B6BE49C3B16D}.Purify|x64.Build.0 = Purify|x64
		{E205AF94-36D1-FEEE-9D12-B6BE49C3B16D}.Debug|x64.ActiveCfg = Debug|x64
		{E205AF94-36D1-FEEE-9D12-B6BE49C3B16D}.Debug|x64.Build.0 = Debug|x64
		{E205AF94-36D1-FEEE-9D12-B6BE49C3B16D}.Release|Win32.ActiveCfg = Release|Win32
		{E205AF94-36D1-FEEE-9D12-B6BE49C3B16D}.Release|Win32.Build.0 = Release|Win32
		{F32D6B55-858F-880B-5D6D-471F8F84745B}.Debug|Win32.ActiveCfg = Debug|Win32
		{F32D6B55-858F-880B-5D6D-471F8F84745B}.Debug|Win32.Build.0 = Debug|Win32
		{F32D6B55-858F-880B-5D6D-471F8F84745B}.Release|x64.ActiveCfg = Release|x64
		{F32D6B55-858F-880B-5D6D-471F8F84745B}.Release|x64.Build.0 = Release|x64
		{F32D6B55-858F-880B-5D6D-471F8F84745B}.Purify|Win32.ActiveCfg = Purify|Win32
		{F32D6B55-858F-880B-5D6D-471F8F84745B}.Purify|Win32.Build.0 = Purify|Win32
		{F32D6B55-858F-880B-5D6D-471F8F84745B}.Purify|x64.ActiveCfg = Purify|x64
		{F32D6B55-858F-880B-5D6D-471F8F84745B}.Purify|x64.Build.0 = Purify|x64
		{F32D6B55-858F-880B-5D6D-471F8F84745B}.Debug|x64.ActiveCfg = Debug|x64
		{F32D6B55-858F-880B-5D6D-471F8F84745B}.Debug|x64.Build.0 = Debug|x64
		{F32D6B55-858F-880B-5D6D-471F8F84745B}.Release|Win32.ActiveCfg = Release|Win32
		{F32D6B55-858F-880B-5D6D-471F8F84745B}.Release|Win32.Build.0 = Release|Win32
		{F68D768D-FC98-6D50-948B-90760A4EE287}.Debug|Win32.ActiveCfg = Debug|Win32
		{F68D768D-FC98-6D50-948B-90760A4EE287}.Debug|Win32.Build.0 = Debug|Win32
		{F68D768D-FC98-6D50-948B-90760A4EE287}.Release|x64.ActiveCfg = Release|x64
		{F68D768D-FC98-6D50-948B-90760A4EE287}.Release|x64.Build.0 = Release|x64
		{F68D768D-FC98-6D50-948B-90760A4EE287}.Purify|Win32.ActiveCfg = Purify|Win32
		{F68D768D-FC98-6D50-948B-90760A4EE287}.Purify|Win32.Build.0 = Purify|Win32
		{F68D768D-FC98-6D50-948B-90760A4EE287}.Purify|x64.ActiveCfg = Purify|x64
		{F68D768D-FC98-6D50-948B-90760A4EE287}.Purify|x64.Build.0 = Purify|x64
		{F68D768D-FC98-6D50-948B-90760A4EE287}.Debug|x64.ActiveCfg = Debug|x64
		{F68D768D-FC98-6D50-948B-90760A4EE287}.Debug|x64.Build.0 = Debug|x64
		{F68D768D-FC98-6D50-948B-90760A4EE287}.Release|Win32.ActiveCfg = Release|Win32
		{F68D768D-FC98-6D50-948B-90760A4EE287}.Release|Win32.Build.0 = Release|Win32
	EndGlobalSection
	GlobalSection(SolutionProperties) = preSolution
		HideSolutionNode = FALSE
	EndGlobalSection
	GlobalSection(NestedProjects) = preSolution
		{A190507E-A70D-6D57-66E0-9B3A641E81F9} = {71054F76-E083-ED71-B3F9-3E9B872F3E9E}
		{6DFBA081-B958-E532-D92B-4CAF5EA3CEFF} = {71054F76-E083-ED71-B3F9-3E9B872F3E9E}
		{8B4D2D14-7D95-5C3B-9739-222789A4A351} = {07BF0989-2B77-D3C5-75FC-813F97B41E10}
		{F68D768D-FC98-6D50-948B-90760A4EE287} = {8981176E-4A0F-CADE-30A3-5E3F3F1CDE3A}
		{D2B96F4E-9570-D76C-8406-FD56C741C805} = {47EF6A04-BAE2-1AFF-696A-133DA2D057FB}
		{E205AF94-36D1-FEEE-9D12-B6BE49C3B16D} = {68226F18-FA06-3EDF-C4A9-C8979D6B14D5}
		{5B8099D9-F51B-2B3A-F4DB-85E95180EEC8} = {68226F18-FA06-3EDF-C4A9-C8979D6B14D5}
		{4315288D-DB9D-B8FB-5AB5-92CBF4843519} = {68226F18-FA06-3EDF-C4A9-C8979D6B14D5}
		{6F6AE46C-55FE-9E39-AAD9-7A7BA71665FE} = {68226F18-FA06-3EDF-C4A9-C8979D6B14D5}
	EndGlobalSection
EndGlobal
